
Microsoft Visual Studio Solution File, Format Version 12.00
# Visual Studio Version 17
VisualStudioVersion = 17.11.35208.52
MinimumVisualStudioVersion = 10.0.40219.1
Project("{FAE04EC0-301F-11D3-BF4B-00C04F79EFBC}") = "Archivo", "Archivo\Archivo.csproj", "{689636DB-8488-4D71-A4E3-1944CCFE002C}"
EndProject
Global
	GlobalSection(SolutionConfigurationPlatforms) = preSolution
		Debug|Any CPU = Debug|Any CPU
		Release|Any CPU = Release|Any CPU
	EndGlobalSection
	GlobalSection(ProjectConfigurationPlatforms) = postSolution
		{689636DB-8488-4D71-A4E3-1944CCFE002C}.Debug|Any CPU.ActiveCfg = Debug|Any CPU
		{689636DB-8488-4D71-A4E3-1944CCFE002C}.Debug|Any CPU.Build.0 = Debug|Any CPU
		{689636DB-8488-4D71-A4E3-1944CCFE002C}.Release|Any CPU.ActiveCfg = Release|Any CPU
		{689636DB-8488-4D71-A4E3-1944CCFE002C}.Release|Any CPU.Build.0 = Release|Any CPU
	EndGlobalSection
	GlobalSection(SolutionProperties) = preSolution
		HideSolutionNode = FALSE
	EndGlobalSection
	GlobalSection(ExtensibilityGlobals) = postSolution
		SolutionGuid = {BF9363C1-914A-49D3-813A-35D28C7989BF}
	EndGlobalSection
EndGlobal
